{
  "pins" : [
    {
      "identity" : "sqlite-vector",
      "kind" : "remoteSourceControl",
      "location" : "https://github.com/sqliteai/sqlite-vector",
      "state" : {
        "revision" : "4095ecaa611e6f8fa39294216186cb412082aef8",
        "version" : "0.9.95"
      }
    },
    {
      "identity" : "swift-argument-parser",
      "kind" : "remoteSourceControl",
      "location" : "https://github.com/apple/swift-argument-parser",
      "state" : {
        "revision" : "626b5b7b2f45e1b0b1c6f4a309296d1d21d7311b",
        "version" : "1.7.1"
      }
    }
  ],
  "version" : 2
}
